
Microsoft Visual Studio Solution File, Format Version 12.00
# Visual Studio Version 17
VisualStudioVersion = 17.11.35327.3
MinimumVisualStudioVersion = 10.0.40219.1
Project("{9A19103F-16F7-4668-BE54-9A1E7A4F7556}") = "Domain", "Domain\Domain.csproj", "{D5186CBB-4256-403E-9BE5-E9AEBB9568DD}"
EndProject
Project("{9A19103F-16F7-4668-BE54-9A1E7A4F7556}") = "Infrastructure", "Infrastructure\Infrastructure.csproj", "{9CFB9343-71DD-4A3E-88F1-D112264D866E}"
EndProject
Project("{9A19103F-16F7-4668-BE54-9A1E7A4F7556}") = "Application", "Application\Application.csproj", "{99CA523D-B116-43C2-AD98-D3F94F04CBA2}"
EndProject
Global
	GlobalSection(SolutionConfigurationPlatforms) = preSolution
		Debug|Any CPU = Debug|Any CPU
		Release|Any CPU = Release|Any CPU
	EndGlobalSection
	GlobalSection(ProjectConfigurationPlatforms) = postSolution
		{D5186CBB-4256-403E-9BE5-E9AEBB9568DD}.Debug|Any CPU.ActiveCfg = Debug|Any CPU
		{D5186CBB-4256-403E-9BE5-E9AEBB9568DD}.Debug|Any CPU.Build.0 = Debug|Any CPU
		{D5186CBB-4256-403E-9BE5-E9AEBB9568DD}.Release|Any CPU.ActiveCfg = Release|Any CPU
		{D5186CBB-4256-403E-9BE5-E9AEBB9568DD}.Release|Any CPU.Build.0 = Release|Any CPU
		{9CFB9343-71DD-4A3E-88F1-D112264D866E}.Debug|Any CPU.ActiveCfg = Debug|Any CPU
		{9CFB9343-71DD-4A3E-88F1-D112264D866E}.Debug|Any CPU.Build.0 = Debug|Any CPU
		{9CFB9343-71DD-4A3E-88F1-D112264D866E}.Release|Any CPU.ActiveCfg = Release|Any CPU
		{9CFB9343-71DD-4A3E-88F1-D112264D866E}.Release|Any CPU.Build.0 = Release|Any CPU
		{99CA523D-B116-43C2-AD98-D3F94F04CBA2}.Debug|Any CPU.ActiveCfg = Debug|Any CPU
		{99CA523D-B116-43C2-AD98-D3F94F04CBA2}.Debug|Any CPU.Build.0 = Debug|Any CPU
		{99CA523D-B116-43C2-AD98-D3F94F04CBA2}.Release|Any CPU.ActiveCfg = Release|Any CPU
		{99CA523D-B116-43C2-AD98-D3F94F04CBA2}.Release|Any CPU.Build.0 = Release|Any CPU
	EndGlobalSection
	GlobalSection(SolutionProperties) = preSolution
		HideSolutionNode = FALSE
	EndGlobalSection
	GlobalSection(ExtensibilityGlobals) = postSolution
		SolutionGuid = {9CF94418-34C8-45E3-AEF9-E444D21C103B}
	EndGlobalSection
EndGlobal
